
Microsoft Visual Studio Solution File, Format Version 12.00
Project("{2150E333-8FDC-42A3-9474-1A3956D46DE8}") = "CreationalPatterns", "CreationalPatterns", "{D40999C5-B413-4473-9D31-8EFF9EA95F92}"
EndProject
Project("{2150E333-8FDC-42A3-9474-1A3956D46DE8}") = "AbStractFactory", "AbStractFactory", "{12F7F30D-BC8A-4850-A14B-8AD3A3138867}"
EndProject
Project("{FAE04EC0-301F-11D3-BF4B-00C04F79EFBC}") = "MealFactory", "Creational\Abstract Factory\MealFactory\MealFactory.csproj", "{A9803138-4A44-4EE5-A885-6AD00105BBBB}"
EndProject
Project("{FAE04EC0-301F-11D3-BF4B-00C04F79EFBC}") = "RestaurantFactory", "Creational\Abstract Factory\RestaurantFactory\RestaurantFactory.csproj", "{19DF7068-7BA7-4649-A48A-92D766AFB3CE}"
EndProject
Project("{2150E333-8FDC-42A3-9474-1A3956D46DE8}") = "Factory Method", "Factory Method", "{0602E900-0FCE-4471-807F-E280DD0B60FE}"
EndProject
Project("{FAE04EC0-301F-11D3-BF4B-00C04F79EFBC}") = "Restaurant Management", "Creational\Factory Method\Restaurant Management\Restaurant Management.csproj", "{68D3D2D6-DB43-4940-9D79-EF1518CD1766}"
EndProject
Project("{2150E333-8FDC-42A3-9474-1A3956D46DE8}") = "Builder", "Builder", "{5A2F8355-C5D5-45D6-88BB-7430D04529BD}"
EndProject
Project("{FAE04EC0-301F-11D3-BF4B-00C04F79EFBC}") = "CustomSandwichBuilder", "Creational\Builder\CustomSandwichBuilder\CustomSandwichBuilder.csproj", "{3EEC8A7C-35B7-4C14-BD7E-40BB60E16551}"
EndProject
Project("{2150E333-8FDC-42A3-9474-1A3956D46DE8}") = "Prototype", "Prototype", "{7D4F6F9A-06B9-4BF8-A217-975F3C41EFBE}"
EndProject
Project("{FAE04EC0-301F-11D3-BF4B-00C04F79EFBC}") = "PrototypeLibrary", "Creational\Prototype\PrototypeLibrary\PrototypeLibrary.csproj", "{906FC44E-B8EF-4B55-895E-B4E8A4ED0763}"
EndProject
Project("{2150E333-8FDC-42A3-9474-1A3956D46DE8}") = "Singleton", "Singleton", "{AD2CFD34-2970-4EE9-89FE-89DC617FD85A}"
EndProject
Project("{FAE04EC0-301F-11D3-BF4B-00C04F79EFBC}") = "Greeter", "Creational\Singleton\Greeter\Greeter.csproj", "{2AA8847A-EA8A-4AB5-ACC3-1D1B6AAD8D94}"
EndProject
Project("{2150E333-8FDC-42A3-9474-1A3956D46DE8}") = "StructuralPatterns", "StructuralPatterns", "{C66FD0AC-A16A-4B35-9C55-2CE3249C7A98}"
EndProject
Project("{2150E333-8FDC-42A3-9474-1A3956D46DE8}") = "Adapter", "Adapter", "{9D4BBEDC-1818-4E22-B39D-95B39AE6B993}"
EndProject
Project("{FAE04EC0-301F-11D3-BF4B-00C04F79EFBC}") = "AdapterLibrary", "Structural\Adapter\AdapterLibrary\AdapterLibrary.csproj", "{685568B5-5B5C-47FA-976F-C4C928F9F936}"
EndProject
Project("{2150E333-8FDC-42A3-9474-1A3956D46DE8}") = "Bridge", "Bridge", "{D7677C29-2CDC-4328-BF27-333F77838421}"
EndProject
Project("{FAE04EC0-301F-11D3-BF4B-00C04F79EFBC}") = "BridgeLibrary", "Structural\Bridge\BridgeLibrary\BridgeLibrary.csproj", "{7F4FF9E1-71F9-4D32-9AFE-58669958287E}"
EndProject
Project("{2150E333-8FDC-42A3-9474-1A3956D46DE8}") = "Composite", "Composite", "{C0F0C2BA-5602-407B-95BC-63CE2C04A008}"
EndProject
Project("{FAE04EC0-301F-11D3-BF4B-00C04F79EFBC}") = "CompositeLibrary", "Structural\Composite\CompositeLibrary\CompositeLibrary.csproj", "{1D6E5D27-1FF3-43AC-9C1D-C3A65F9AAC23}"
EndProject
Project("{2150E333-8FDC-42A3-9474-1A3956D46DE8}") = "Decorator", "Decorator", "{86E0E1C2-24E5-4014-ABFA-1847EEFFA05E}"
EndProject
Project("{2150E333-8FDC-42A3-9474-1A3956D46DE8}") = "Facade", "Facade", "{300172F5-BC5E-48E5-87D2-73C3A236EAAD}"
EndProject
Project("{FAE04EC0-301F-11D3-BF4B-00C04F79EFBC}") = "DecoratorLibrary", "Structural\Decorator\DecoratorLibrary\DecoratorLibrary.csproj", "{97064949-D335-4DCB-96A1-E3BEC7EFE662}"
EndProject
Project("{2150E333-8FDC-42A3-9474-1A3956D46DE8}") = "Flyweight", "Flyweight", "{8A583CBC-3FAB-470B-8F26-5FAF9E488110}"
EndProject
Project("{FAE04EC0-301F-11D3-BF4B-00C04F79EFBC}") = "FlyweightLibrary", "Structural\Flyweight\FlyweightLibrary\FlyweightLibrary.csproj", "{7307BAB4-2F43-42F0-8D97-BEA2FE050295}"
EndProject
Project("{FAE04EC0-301F-11D3-BF4B-00C04F79EFBC}") = "FacadeLibrary", "Structural\Facade\FacadeLibrary\FacadeLibrary.csproj", "{3EE9396D-A866-4981-9105-DE92DD3EA96C}"
EndProject
Project("{2150E333-8FDC-42A3-9474-1A3956D46DE8}") = "Proxy", "Proxy", "{6CEB672B-2FC3-4AD3-8217-2A2403D27291}"
EndProject
Project("{FAE04EC0-301F-11D3-BF4B-00C04F79EFBC}") = "ProxyLibrary", "Structural\Proxy\ProxyLibrary\ProxyLibrary.csproj", "{608C543E-7D72-4A0A-9D44-1701C7C4EB90}"
EndProject
Project("{2150E333-8FDC-42A3-9474-1A3956D46DE8}") = "BehavioralPatterns", "BehavioralPatterns", "{04C0D7D1-FF93-4174-97B2-4B4E979725A4}"
EndProject
Project("{FAE04EC0-301F-11D3-BF4B-00C04F79EFBC}") = "ChainOfResponsibilityLibrary", "Behavioral\ChainOfResponsibility\ChainOfResponsibilityLibrary\ChainOfResponsibilityLibrary.csproj", "{F3D6C733-CD48-4383-A571-23B3B03F8CDC}"
EndProject
Project("{2150E333-8FDC-42A3-9474-1A3956D46DE8}") = "ChainOfResponsibility", "ChainOfResponsibility", "{9F0CC46C-25EC-467E-82D3-D9631ED16007}"
EndProject
Project("{2150E333-8FDC-42A3-9474-1A3956D46DE8}") = "Command", "Command", "{B8CFD853-D509-49FA-8124-7E65D04D376D}"
EndProject
Project("{FAE04EC0-301F-11D3-BF4B-00C04F79EFBC}") = "CommandLibrary", "Behavioral\Command\CommandLibrary\CommandLibrary.csproj", "{86293CC2-8035-4EE9-A0DD-7C600429310D}"
EndProject
Project("{2150E333-8FDC-42A3-9474-1A3956D46DE8}") = "Interpreter", "Interpreter", "{49CD36D2-D562-41AB-9392-4390AF4F7B74}"
EndProject
Project("{FAE04EC0-301F-11D3-BF4B-00C04F79EFBC}") = "InterpreterLibrary", "Behavioral\Interpreter\InterpreterLibrary\InterpreterLibrary.csproj", "{9EB64D14-0C4A-4E44-A2E0-6C11DF54D294}"
EndProject
Project("{2150E333-8FDC-42A3-9474-1A3956D46DE8}") = "Iterator", "Iterator", "{B6588095-93ED-4754-A401-CAD5F91E6BF3}"
EndProject
Project("{FAE04EC0-301F-11D3-BF4B-00C04F79EFBC}") = "IteratorLibrary", "Behavioral\Iterator\IteratorLibrary\IteratorLibrary.csproj", "{B6A32BAF-B7E9-4F9A-9517-92DD45CD8F77}"
EndProject
Global
	GlobalSection(SolutionConfigurationPlatforms) = preSolution
		Debug|Any CPU = Debug|Any CPU
		Release|Any CPU = Release|Any CPU
	EndGlobalSection
	GlobalSection(ProjectConfigurationPlatforms) = postSolution
		{A9803138-4A44-4EE5-A885-6AD00105BBBB}.Debug|Any CPU.ActiveCfg = Debug|Any CPU
		{A9803138-4A44-4EE5-A885-6AD00105BBBB}.Debug|Any CPU.Build.0 = Debug|Any CPU
		{A9803138-4A44-4EE5-A885-6AD00105BBBB}.Release|Any CPU.ActiveCfg = Release|Any CPU
		{A9803138-4A44-4EE5-A885-6AD00105BBBB}.Release|Any CPU.Build.0 = Release|Any CPU
		{19DF7068-7BA7-4649-A48A-92D766AFB3CE}.Debug|Any CPU.ActiveCfg = Debug|Any CPU
		{19DF7068-7BA7-4649-A48A-92D766AFB3CE}.Debug|Any CPU.Build.0 = Debug|Any CPU
		{19DF7068-7BA7-4649-A48A-92D766AFB3CE}.Release|Any CPU.ActiveCfg = Release|Any CPU
		{19DF7068-7BA7-4649-A48A-92D766AFB3CE}.Release|Any CPU.Build.0 = Release|Any CPU
		{68D3D2D6-DB43-4940-9D79-EF1518CD1766}.Debug|Any CPU.ActiveCfg = Debug|Any CPU
		{68D3D2D6-DB43-4940-9D79-EF1518CD1766}.Debug|Any CPU.Build.0 = Debug|Any CPU
		{68D3D2D6-DB43-4940-9D79-EF1518CD1766}.Release|Any CPU.ActiveCfg = Release|Any CPU
		{68D3D2D6-DB43-4940-9D79-EF1518CD1766}.Release|Any CPU.Build.0 = Release|Any CPU
		{3EEC8A7C-35B7-4C14-BD7E-40BB60E16551}.Debug|Any CPU.ActiveCfg = Debug|Any CPU
		{3EEC8A7C-35B7-4C14-BD7E-40BB60E16551}.Debug|Any CPU.Build.0 = Debug|Any CPU
		{3EEC8A7C-35B7-4C14-BD7E-40BB60E16551}.Release|Any CPU.ActiveCfg = Release|Any CPU
		{3EEC8A7C-35B7-4C14-BD7E-40BB60E16551}.Release|Any CPU.Build.0 = Release|Any CPU
		{906FC44E-B8EF-4B55-895E-B4E8A4ED0763}.Debug|Any CPU.ActiveCfg = Debug|Any CPU
		{906FC44E-B8EF-4B55-895E-B4E8A4ED0763}.Debug|Any CPU.Build.0 = Debug|Any CPU
		{906FC44E-B8EF-4B55-895E-B4E8A4ED0763}.Release|Any CPU.ActiveCfg = Release|Any CPU
		{906FC44E-B8EF-4B55-895E-B4E8A4ED0763}.Release|Any CPU.Build.0 = Release|Any CPU
		{2AA8847A-EA8A-4AB5-ACC3-1D1B6AAD8D94}.Debug|Any CPU.ActiveCfg = Debug|Any CPU
		{2AA8847A-EA8A-4AB5-ACC3-1D1B6AAD8D94}.Debug|Any CPU.Build.0 = Debug|Any CPU
		{2AA8847A-EA8A-4AB5-ACC3-1D1B6AAD8D94}.Release|Any CPU.ActiveCfg = Release|Any CPU
		{2AA8847A-EA8A-4AB5-ACC3-1D1B6AAD8D94}.Release|Any CPU.Build.0 = Release|Any CPU
		{685568B5-5B5C-47FA-976F-C4C928F9F936}.Debug|Any CPU.ActiveCfg = Debug|Any CPU
		{685568B5-5B5C-47FA-976F-C4C928F9F936}.Debug|Any CPU.Build.0 = Debug|Any CPU
		{685568B5-5B5C-47FA-976F-C4C928F9F936}.Release|Any CPU.ActiveCfg = Release|Any CPU
		{685568B5-5B5C-47FA-976F-C4C928F9F936}.Release|Any CPU.Build.0 = Release|Any CPU
		{7F4FF9E1-71F9-4D32-9AFE-58669958287E}.Debug|Any CPU.ActiveCfg = Debug|Any CPU
		{7F4FF9E1-71F9-4D32-9AFE-58669958287E}.Debug|Any CPU.Build.0 = Debug|Any CPU
		{7F4FF9E1-71F9-4D32-9AFE-58669958287E}.Release|Any CPU.ActiveCfg = Release|Any CPU
		{7F4FF9E1-71F9-4D32-9AFE-58669958287E}.Release|Any CPU.Build.0 = Release|Any CPU
		{1D6E5D27-1FF3-43AC-9C1D-C3A65F9AAC23}.Debug|Any CPU.ActiveCfg = Debug|Any CPU
		{1D6E5D27-1FF3-43AC-9C1D-C3A65F9AAC23}.Debug|Any CPU.Build.0 = Debug|Any CPU
		{1D6E5D27-1FF3-43AC-9C1D-C3A65F9AAC23}.Release|Any CPU.ActiveCfg = Release|Any CPU
		{1D6E5D27-1FF3-43AC-9C1D-C3A65F9AAC23}.Release|Any CPU.Build.0 = Release|Any CPU
		{97064949-D335-4DCB-96A1-E3BEC7EFE662}.Debug|Any CPU.ActiveCfg = Debug|Any CPU
		{97064949-D335-4DCB-96A1-E3BEC7EFE662}.Debug|Any CPU.Build.0 = Debug|Any CPU
		{97064949-D335-4DCB-96A1-E3BEC7EFE662}.Release|Any CPU.ActiveCfg = Release|Any CPU
		{97064949-D335-4DCB-96A1-E3BEC7EFE662}.Release|Any CPU.Build.0 = Release|Any CPU
		{7307BAB4-2F43-42F0-8D97-BEA2FE050295}.Debug|Any CPU.ActiveCfg = Debug|Any CPU
		{7307BAB4-2F43-42F0-8D97-BEA2FE050295}.Debug|Any CPU.Build.0 = Debug|Any CPU
		{7307BAB4-2F43-42F0-8D97-BEA2FE050295}.Release|Any CPU.ActiveCfg = Release|Any CPU
		{7307BAB4-2F43-42F0-8D97-BEA2FE050295}.Release|Any CPU.Build.0 = Release|Any CPU
		{3EE9396D-A866-4981-9105-DE92DD3EA96C}.Debug|Any CPU.ActiveCfg = Debug|Any CPU
		{3EE9396D-A866-4981-9105-DE92DD3EA96C}.Debug|Any CPU.Build.0 = Debug|Any CPU
		{3EE9396D-A866-4981-9105-DE92DD3EA96C}.Release|Any CPU.ActiveCfg = Release|Any CPU
		{3EE9396D-A866-4981-9105-DE92DD3EA96C}.Release|Any CPU.Build.0 = Release|Any CPU
		{608C543E-7D72-4A0A-9D44-1701C7C4EB90}.Debug|Any CPU.ActiveCfg = Debug|Any CPU
		{608C543E-7D72-4A0A-9D44-1701C7C4EB90}.Debug|Any CPU.Build.0 = Debug|Any CPU
		{608C543E-7D72-4A0A-9D44-1701C7C4EB90}.Release|Any CPU.ActiveCfg = Release|Any CPU
		{608C543E-7D72-4A0A-9D44-1701C7C4EB90}.Release|Any CPU.Build.0 = Release|Any CPU
		{F3D6C733-CD48-4383-A571-23B3B03F8CDC}.Debug|Any CPU.ActiveCfg = Debug|Any CPU
		{F3D6C733-CD48-4383-A571-23B3B03F8CDC}.Debug|Any CPU.Build.0 = Debug|Any CPU
		{F3D6C733-CD48-4383-A571-23B3B03F8CDC}.Release|Any CPU.ActiveCfg = Release|Any CPU
		{F3D6C733-CD48-4383-A571-23B3B03F8CDC}.Release|Any CPU.Build.0 = Release|Any CPU
		{86293CC2-8035-4EE9-A0DD-7C600429310D}.Debug|Any CPU.ActiveCfg = Debug|Any CPU
		{86293CC2-8035-4EE9-A0DD-7C600429310D}.Debug|Any CPU.Build.0 = Debug|Any CPU
		{86293CC2-8035-4EE9-A0DD-7C600429310D}.Release|Any CPU.ActiveCfg = Release|Any CPU
		{86293CC2-8035-4EE9-A0DD-7C600429310D}.Release|Any CPU.Build.0 = Release|Any CPU
		{9EB64D14-0C4A-4E44-A2E0-6C11DF54D294}.Debug|Any CPU.ActiveCfg = Debug|Any CPU
		{9EB64D14-0C4A-4E44-A2E0-6C11DF54D294}.Debug|Any CPU.Build.0 = Debug|Any CPU
		{9EB64D14-0C4A-4E44-A2E0-6C11DF54D294}.Release|Any CPU.ActiveCfg = Release|Any CPU
		{9EB64D14-0C4A-4E44-A2E0-6C11DF54D294}.Release|Any CPU.Build.0 = Release|Any CPU
		{B6A32BAF-B7E9-4F9A-9517-92DD45CD8F77}.Debug|Any CPU.ActiveCfg = Debug|Any CPU
		{B6A32BAF-B7E9-4F9A-9517-92DD45CD8F77}.Debug|Any CPU.Build.0 = Debug|Any CPU
		{B6A32BAF-B7E9-4F9A-9517-92DD45CD8F77}.Release|Any CPU.ActiveCfg = Release|Any CPU
		{B6A32BAF-B7E9-4F9A-9517-92DD45CD8F77}.Release|Any CPU.Build.0 = Release|Any CPU
	EndGlobalSection
	GlobalSection(NestedProjects) = preSolution
		{12F7F30D-BC8A-4850-A14B-8AD3A3138867} = {D40999C5-B413-4473-9D31-8EFF9EA95F92}
		{A9803138-4A44-4EE5-A885-6AD00105BBBB} = {12F7F30D-BC8A-4850-A14B-8AD3A3138867}
		{19DF7068-7BA7-4649-A48A-92D766AFB3CE} = {12F7F30D-BC8A-4850-A14B-8AD3A3138867}
		{0602E900-0FCE-4471-807F-E280DD0B60FE} = {D40999C5-B413-4473-9D31-8EFF9EA95F92}
		{68D3D2D6-DB43-4940-9D79-EF1518CD1766} = {0602E900-0FCE-4471-807F-E280DD0B60FE}
		{5A2F8355-C5D5-45D6-88BB-7430D04529BD} = {D40999C5-B413-4473-9D31-8EFF9EA95F92}
		{3EEC8A7C-35B7-4C14-BD7E-40BB60E16551} = {5A2F8355-C5D5-45D6-88BB-7430D04529BD}
		{7D4F6F9A-06B9-4BF8-A217-975F3C41EFBE} = {D40999C5-B413-4473-9D31-8EFF9EA95F92}
		{906FC44E-B8EF-4B55-895E-B4E8A4ED0763} = {7D4F6F9A-06B9-4BF8-A217-975F3C41EFBE}
		{AD2CFD34-2970-4EE9-89FE-89DC617FD85A} = {D40999C5-B413-4473-9D31-8EFF9EA95F92}
		{2AA8847A-EA8A-4AB5-ACC3-1D1B6AAD8D94} = {AD2CFD34-2970-4EE9-89FE-89DC617FD85A}
		{9D4BBEDC-1818-4E22-B39D-95B39AE6B993} = {C66FD0AC-A16A-4B35-9C55-2CE3249C7A98}
		{685568B5-5B5C-47FA-976F-C4C928F9F936} = {9D4BBEDC-1818-4E22-B39D-95B39AE6B993}
		{D7677C29-2CDC-4328-BF27-333F77838421} = {C66FD0AC-A16A-4B35-9C55-2CE3249C7A98}
		{7F4FF9E1-71F9-4D32-9AFE-58669958287E} = {D7677C29-2CDC-4328-BF27-333F77838421}
		{C0F0C2BA-5602-407B-95BC-63CE2C04A008} = {C66FD0AC-A16A-4B35-9C55-2CE3249C7A98}
		{1D6E5D27-1FF3-43AC-9C1D-C3A65F9AAC23} = {C0F0C2BA-5602-407B-95BC-63CE2C04A008}
		{86E0E1C2-24E5-4014-ABFA-1847EEFFA05E} = {C66FD0AC-A16A-4B35-9C55-2CE3249C7A98}
		{300172F5-BC5E-48E5-87D2-73C3A236EAAD} = {C66FD0AC-A16A-4B35-9C55-2CE3249C7A98}
		{97064949-D335-4DCB-96A1-E3BEC7EFE662} = {86E0E1C2-24E5-4014-ABFA-1847EEFFA05E}
		{8A583CBC-3FAB-470B-8F26-5FAF9E488110} = {C66FD0AC-A16A-4B35-9C55-2CE3249C7A98}
		{7307BAB4-2F43-42F0-8D97-BEA2FE050295} = {8A583CBC-3FAB-470B-8F26-5FAF9E488110}
		{3EE9396D-A866-4981-9105-DE92DD3EA96C} = {300172F5-BC5E-48E5-87D2-73C3A236EAAD}
		{6CEB672B-2FC3-4AD3-8217-2A2403D27291} = {C66FD0AC-A16A-4B35-9C55-2CE3249C7A98}
		{608C543E-7D72-4A0A-9D44-1701C7C4EB90} = {6CEB672B-2FC3-4AD3-8217-2A2403D27291}
		{9F0CC46C-25EC-467E-82D3-D9631ED16007} = {04C0D7D1-FF93-4174-97B2-4B4E979725A4}
		{F3D6C733-CD48-4383-A571-23B3B03F8CDC} = {9F0CC46C-25EC-467E-82D3-D9631ED16007}
		{B8CFD853-D509-49FA-8124-7E65D04D376D} = {04C0D7D1-FF93-4174-97B2-4B4E979725A4}
		{86293CC2-8035-4EE9-A0DD-7C600429310D} = {B8CFD853-D509-49FA-8124-7E65D04D376D}
		{49CD36D2-D562-41AB-9392-4390AF4F7B74} = {04C0D7D1-FF93-4174-97B2-4B4E979725A4}
		{9EB64D14-0C4A-4E44-A2E0-6C11DF54D294} = {49CD36D2-D562-41AB-9392-4390AF4F7B74}
		{B6588095-93ED-4754-A401-CAD5F91E6BF3} = {04C0D7D1-FF93-4174-97B2-4B4E979725A4}
		{B6A32BAF-B7E9-4F9A-9517-92DD45CD8F77} = {B6588095-93ED-4754-A401-CAD5F91E6BF3}
	EndGlobalSection
EndGlobal
